schema: '2.0'
stages:
  split_data:
    cmd: python src/stage_02_split_data.py --config=config/config.yaml --params=params.yaml
    deps:
    - path: artifacts/raw_local_dir/data.csv
      md5: 7d814a1bda02145efe703f4e1c01847a
      size: 93599
    - path: config/config.yaml
      md5: ce6281190a377acdc1345913390f2c2c
      size: 406
    - path: src/stage_02_split_data.py
      md5: 4fd202ab1dec00749cc7a28302cdedb4
      size: 1866
    - path: src/utils/all_utils.py
      md5: bc3a21270e745d45c7ab8eeed67b2b34
      size: 716
    params:
      params.yaml:
        base.random_state: 33
        base.test_size: 0.3
    outs:
    - path: artifacts/split_data_dir/test.csv
      md5: ffe4567ff1a33165fb09a9888ed72a8a
      size: 28188
    - path: artifacts/split_data_dir/train.csv
      md5: 5d7be674ee5c27a7603edfcc5ffb6b90
      size: 65558
  load_data:
    cmd: python src/stage_01_load_save.py --config=config/config.yaml
    deps:
    - path: config/config.yaml
      md5: ce6281190a377acdc1345913390f2c2c
      size: 406
    - path: src/stage_01_load_save.py
      md5: 786c199a1c2802b652ca0737785033e5
      size: 1542
    - path: src/utils/all_utils.py
      md5: bc3a21270e745d45c7ab8eeed67b2b34
      size: 716
    outs:
    - path: artifacts/raw_local_dir/data.csv
      md5: 7d814a1bda02145efe703f4e1c01847a
      size: 93599
  train:
    cmd: python src/stage_03_train.py --config=config/config.yaml --params=params.yaml
    deps:
    - path: artifacts/split_data_dir/train.csv
      md5: 5d7be674ee5c27a7603edfcc5ffb6b90
      size: 65558
    - path: config/config.yaml
      md5: ce6281190a377acdc1345913390f2c2c
      size: 406
    - path: src/stage_03_train.py
      md5: cc355f13caa98e30101c027723b7e386
      size: 1747
    - path: src/utils/all_utils.py
      md5: bc3a21270e745d45c7ab8eeed67b2b34
      size: 716
    params:
      params.yaml:
        base.random_state: 33
        model_params.ElasticNet.alpha: 0.5
        model_params.ElasticNet.l1_ratio: 0.5
    outs:
    - path: artifacts/model_dir/ElasticNet.model
      md5: 846acedeac8ebef3182feebb28d8469f
      size: 1316
